
Microsoft Visual Studio Solution File, Format Version 12.00
# Visual Studio Version 16
VisualStudioVersion = 16.0.30907.101
MinimumVisualStudioVersion = 10.0.40219.1
Project("{FAE04EC0-301F-11D3-BF4B-00C04F79EFBC}") = "MayorDeDosNumeros", "MayorDeDosNumeros\MayorDeDosNumeros.csproj", "{DF7DCB15-E179-4FE8-8842-B4C1276C7A5C}"
EndProject
Global
	GlobalSection(SolutionConfigurationPlatforms) = preSolution
		Debug|Any CPU = Debug|Any CPU
		Release|Any CPU = Release|Any CPU
	EndGlobalSection
	GlobalSection(ProjectConfigurationPlatforms) = postSolution
		{DF7DCB15-E179-4FE8-8842-B4C1276C7A5C}.Debug|Any CPU.ActiveCfg = Debug|Any CPU
		{DF7DCB15-E179-4FE8-8842-B4C1276C7A5C}.Debug|Any CPU.Build.0 = Debug|Any CPU
		{DF7DCB15-E179-4FE8-8842-B4C1276C7A5C}.Release|Any CPU.ActiveCfg = Release|Any CPU
		{DF7DCB15-E179-4FE8-8842-B4C1276C7A5C}.Release|Any CPU.Build.0 = Release|Any CPU
	EndGlobalSection
	GlobalSection(SolutionProperties) = preSolution
		HideSolutionNode = FALSE
	EndGlobalSection
	GlobalSection(ExtensibilityGlobals) = postSolution
		SolutionGuid = {5DAF63AD-3639-4585-B4EC-B15F0B0914E8}
	EndGlobalSection
EndGlobal
